
Microsoft Visual Studio Solution File, Format Version 12.00
# Visual Studio Version 16
VisualStudioVersion = 25.0.1704.0
MinimumVisualStudioVersion = 10.0.40219.1
Project("{FAE04EC0-301F-11D3-BF4B-00C04F79EFBC}") = "SalesMVC", "SalesMVC\SalesMVC.csproj", "{55D03CD1-9D5E-4FD4-8D2C-E1D67DBA62CF}"
EndProject
Global
	GlobalSection(SolutionConfigurationPlatforms) = preSolution
		Debug|Any CPU = Debug|Any CPU
		Release|Any CPU = Release|Any CPU
	EndGlobalSection
	GlobalSection(ProjectConfigurationPlatforms) = postSolution
		{55D03CD1-9D5E-4FD4-8D2C-E1D67DBA62CF}.Debug|Any CPU.ActiveCfg = Debug|Any CPU
		{55D03CD1-9D5E-4FD4-8D2C-E1D67DBA62CF}.Debug|Any CPU.Build.0 = Debug|Any CPU
		{55D03CD1-9D5E-4FD4-8D2C-E1D67DBA62CF}.Release|Any CPU.ActiveCfg = Release|Any CPU
		{55D03CD1-9D5E-4FD4-8D2C-E1D67DBA62CF}.Release|Any CPU.Build.0 = Release|Any CPU
	EndGlobalSection
	GlobalSection(SolutionProperties) = preSolution
		HideSolutionNode = FALSE
	EndGlobalSection
	GlobalSection(ExtensibilityGlobals) = postSolution
		SolutionGuid = {A948A48D-D1A9-4CF2-A8CD-11978223E26A}
	EndGlobalSection
EndGlobal
